SimpleFoo1:
  title: 'Simple Foo'
  type: 'multichoice'
  correct_feedback: 'Great job, you can code!'
  imports:
    - 'Functions'
  params:
    param:
      randint:
        start: 1
        end: 5
  body: >
          # What is result of running foo({param})


          ```
              def foo(x):
                  print foo_helper(0, 1, x)

              def foo_helper(p,q,r):
                  if q > r:
                      return 0
                  else:
                      return p + foo_helper(q, q+1, r)
          ```
  answer:
    - '@foo@'
  distractor:
    - '@foo_distractor@'